
Microsoft Visual Studio Solution File, Format Version 12.00
# Visual Studio Version 17
VisualStudioVersion = 17.13.35931.197 d17.13
MinimumVisualStudioVersion = 10.0.40219.1
Project("{FAE04EC0-301F-11D3-BF4B-00C04F79EFBC}") = "TelegramBot", "TelegramBot\TelegramBot.csproj", "{AC76256C-EC48-4497-A9C7-67152B69B36E}"
EndProject
Global
	GlobalSection(SolutionConfigurationPlatforms) = preSolution
		Debug|Any CPU = Debug|Any CPU
		Release|Any CPU = Release|Any CPU
	EndGlobalSection
	GlobalSection(ProjectConfigurationPlatforms) = postSolution
		{AC76256C-EC48-4497-A9C7-67152B69B36E}.Debug|Any CPU.ActiveCfg = Debug|Any CPU
		{AC76256C-EC48-4497-A9C7-67152B69B36E}.Debug|Any CPU.Build.0 = Debug|Any CPU
		{AC76256C-EC48-4497-A9C7-67152B69B36E}.Release|Any CPU.ActiveCfg = Release|Any CPU
		{AC76256C-EC48-4497-A9C7-67152B69B36E}.Release|Any CPU.Build.0 = Release|Any CPU
	EndGlobalSection
	GlobalSection(SolutionProperties) = preSolution
		HideSolutionNode = FALSE
	EndGlobalSection
	GlobalSection(ExtensibilityGlobals) = postSolution
		SolutionGuid = {01AEFB6D-84CB-40EF-AF9E-F819881BBFA7}
	EndGlobalSection
EndGlobal
